
Microsoft Visual Studio Solution File, Format Version 12.00
# Visual Studio Version 17
VisualStudioVersion = 17.3.32901.215
MinimumVisualStudioVersion = 10.0.40219.1
Project("{FAE04EC0-301F-11D3-BF4B-00C04F79EFBC}") = "TelegramTestProject", "TelegramTestProject\TelegramTestProject.csproj", "{C06A314C-7957-410C-945E-AB250AF23061}"
EndProject
Global
	GlobalSection(SolutionConfigurationPlatforms) = preSolution
		Debug|Any CPU = Debug|Any CPU
		Release|Any CPU = Release|Any CPU
	EndGlobalSection
	GlobalSection(ProjectConfigurationPlatforms) = postSolution
		{C06A314C-7957-410C-945E-AB250AF23061}.Debug|Any CPU.ActiveCfg = Debug|Any CPU
		{C06A314C-7957-410C-945E-AB250AF23061}.Debug|Any CPU.Build.0 = Debug|Any CPU
		{C06A314C-7957-410C-945E-AB250AF23061}.Release|Any CPU.ActiveCfg = Release|Any CPU
		{C06A314C-7957-410C-945E-AB250AF23061}.Release|Any CPU.Build.0 = Release|Any CPU
	EndGlobalSection
	GlobalSection(SolutionProperties) = preSolution
		HideSolutionNode = FALSE
	EndGlobalSection
	GlobalSection(ExtensibilityGlobals) = postSolution
		SolutionGuid = {63FFF3CD-724E-4003-AD92-1A7C3AF69CA1}
	EndGlobalSection
EndGlobal
